
Microsoft Visual Studio Solution File, Format Version 12.00
# Visual Studio Version 17
VisualStudioVersion = 17.14.36414.22
MinimumVisualStudioVersion = 10.0.40219.1
Project("{2150E333-8FDC-42A3-9474-1A3956D46DE8}") = "01", "01", "{02EA681E-C7D8-13C7-8484-4AC65E1B71E8}"
EndProject
Project("{FAE04EC0-301F-11D3-BF4B-00C04F79EFBC}") = "IsNumberOddOrNot", "..\IsNumberOddOrNot\IsNumberOddOrNot.csproj", "{2E99FFB5-40B5-439D-9777-06E839D74DDF}"
EndProject
Project("{2150E333-8FDC-42A3-9474-1A3956D46DE8}") = "02", "02", "{862735FB-333B-4EAB-9758-480D769A7B7A}"
EndProject
Project("{FAE04EC0-301F-11D3-BF4B-00C04F79EFBC}") = "GreatestNumber", "GreatestNumber\GreatestNumber.csproj", "{4525A14C-B259-4833-955E-5796FE2AC7EF}"
EndProject
Project("{2150E333-8FDC-42A3-9474-1A3956D46DE8}") = "Shared", "Shared", "{8A79F210-D662-4319-B810-F5DCFA9539CA}"
EndProject
Project("{FAE04EC0-301F-11D3-BF4B-00C04F79EFBC}") = "Shared", "ConsoleExtensions\Shared.csproj", "{2744B79E-827C-486E-BBCF-184B4FC3323E}"
EndProject
Project("{2150E333-8FDC-42A3-9474-1A3956D46DE8}") = "03", "03", "{74F54063-3286-42B1-BF8A-1CC64B73E085}"
EndProject
Project("{FAE04EC0-301F-11D3-BF4B-00C04F79EFBC}") = "SortNumber", "SortNumber\SortNumber.csproj", "{62327D4E-3521-4843-9789-D35D2AE63572}"
EndProject
Global
	GlobalSection(SolutionConfigurationPlatforms) = preSolution
		Debug|Any CPU = Debug|Any CPU
		Release|Any CPU = Release|Any CPU
	EndGlobalSection
	GlobalSection(ProjectConfigurationPlatforms) = postSolution
		{2E99FFB5-40B5-439D-9777-06E839D74DDF}.Debug|Any CPU.ActiveCfg = Debug|Any CPU
		{2E99FFB5-40B5-439D-9777-06E839D74DDF}.Debug|Any CPU.Build.0 = Debug|Any CPU
		{2E99FFB5-40B5-439D-9777-06E839D74DDF}.Release|Any CPU.ActiveCfg = Release|Any CPU
		{2E99FFB5-40B5-439D-9777-06E839D74DDF}.Release|Any CPU.Build.0 = Release|Any CPU
		{4525A14C-B259-4833-955E-5796FE2AC7EF}.Debug|Any CPU.ActiveCfg = Debug|Any CPU
		{4525A14C-B259-4833-955E-5796FE2AC7EF}.Debug|Any CPU.Build.0 = Debug|Any CPU
		{4525A14C-B259-4833-955E-5796FE2AC7EF}.Release|Any CPU.ActiveCfg = Release|Any CPU
		{4525A14C-B259-4833-955E-5796FE2AC7EF}.Release|Any CPU.Build.0 = Release|Any CPU
		{2744B79E-827C-486E-BBCF-184B4FC3323E}.Debug|Any CPU.ActiveCfg = Debug|Any CPU
		{2744B79E-827C-486E-BBCF-184B4FC3323E}.Debug|Any CPU.Build.0 = Debug|Any CPU
		{2744B79E-827C-486E-BBCF-184B4FC3323E}.Release|Any CPU.ActiveCfg = Release|Any CPU
		{2744B79E-827C-486E-BBCF-184B4FC3323E}.Release|Any CPU.Build.0 = Release|Any CPU
		{62327D4E-3521-4843-9789-D35D2AE63572}.Debug|Any CPU.ActiveCfg = Debug|Any CPU
		{62327D4E-3521-4843-9789-D35D2AE63572}.Debug|Any CPU.Build.0 = Debug|Any CPU
		{62327D4E-3521-4843-9789-D35D2AE63572}.Release|Any CPU.ActiveCfg = Release|Any CPU
		{62327D4E-3521-4843-9789-D35D2AE63572}.Release|Any CPU.Build.0 = Release|Any CPU
	EndGlobalSection
	GlobalSection(SolutionProperties) = preSolution
		HideSolutionNode = FALSE
	EndGlobalSection
	GlobalSection(NestedProjects) = preSolution
		{2E99FFB5-40B5-439D-9777-06E839D74DDF} = {02EA681E-C7D8-13C7-8484-4AC65E1B71E8}
		{4525A14C-B259-4833-955E-5796FE2AC7EF} = {862735FB-333B-4EAB-9758-480D769A7B7A}
		{2744B79E-827C-486E-BBCF-184B4FC3323E} = {8A79F210-D662-4319-B810-F5DCFA9539CA}
		{62327D4E-3521-4843-9789-D35D2AE63572} = {74F54063-3286-42B1-BF8A-1CC64B73E085}
	EndGlobalSection
	GlobalSection(ExtensibilityGlobals) = postSolution
		SolutionGuid = {230AACC4-95D9-4E98-BF27-6C7C59343DF5}
	EndGlobalSection
EndGlobal
